// !$*UTF8*$!
{
	archiveVersion = 1;
	classes = {
	};
	objectVersion = 56;
	objects = {

/* Begin PBXBuildFile section */
		0D3A3A852B5FD367008F77A0 /* .gitignore in Resources */ = {isa = PBXBuildFile; fileRef = 0D3A3A842B5FD367008F77A0 /* .gitignore */; };
		192F65202B5EA1D4004A32C4 /* Mobile_devlopmentApp.swift in Sources */ = {isa = PBXBuildFile; fileRef = 192F651F2B5EA1D4004A32C4 /* Mobile_devlopmentApp.swift */; };
		192F65242B5EA1D5004A32C4 /* Assets.xcassets in Resources */ = {isa = PBXBuildFile; fileRef = 192F65232B5EA1D5004A32C4 /* Assets.xcassets */; };
		192F65272B5EA1D5004A32C4 /* Preview Assets.xcassets in Resources */ = {isa = PBXBuildFile; fileRef = 192F65262B5EA1D5004A32C4 /* Preview Assets.xcassets */; };
		192F65332B5EA6FA004A32C4 /* ContentView.swift in Sources */ = {isa = PBXBuildFile; fileRef = 192F65322B5EA6FA004A32C4 /* ContentView.swift */; };
		192F65372B5EAD01004A32C4 /* Activity.swift in Sources */ = {isa = PBXBuildFile; fileRef = 192F65362B5EAD01004A32C4 /* Activity.swift */; };
		192F65392B5EAE9C004A32C4 /* ActivityView.swift in Sources */ = {isa = PBXBuildFile; fileRef = 192F65382B5EAE9C004A32C4 /* ActivityView.swift */; };
		192F653B2B5EB219004A32C4 /* ListActivitytRow.swift in Sources */ = {isa = PBXBuildFile; fileRef = 192F653A2B5EB219004A32C4 /* ListActivitytRow.swift */; };
		192F653D2B5EB44E004A32C4 /* GetScheduleList.swift in Sources */ = {isa = PBXBuildFile; fileRef = 192F653C2B5EB44E004A32C4 /* GetScheduleList.swift */; };
		192F653F2B5EB584004A32C4 /* ScheduleFetch.swift in Sources */ = {isa = PBXBuildFile; fileRef = 192F653E2B5EB584004A32C4 /* ScheduleFetch.swift */; };
		192F65422B5EB974004A32C4 /* ViewModelActivity.swift in Sources */ = {isa = PBXBuildFile; fileRef = 192F65412B5EB974004A32C4 /* ViewModelActivity.swift */; };
		199EB9FD2B6041AE0004B67B /* ActivitiesView.swift in Sources */ = {isa = PBXBuildFile; fileRef = 199EB9FC2B6041AE0004B67B /* ActivitiesView.swift */; };
		199EBA032B6042B60004B67B /* ListContributorRow.swift in Sources */ = {isa = PBXBuildFile; fileRef = 199EBA022B6042B60004B67B /* ListContributorRow.swift */; };
		199EBA052B6044340004B67B /* ContributorsView.swift in Sources */ = {isa = PBXBuildFile; fileRef = 199EBA042B6044340004B67B /* ContributorsView.swift */; };
		199EBA072B6045FA0004B67B /* ContributorView.swift in Sources */ = {isa = PBXBuildFile; fileRef = 199EBA062B6045FA0004B67B /* ContributorView.swift */; };
		19B169BB2B68081400FCABAD /* Helper.swift in Sources */ = {isa = PBXBuildFile; fileRef = 19B169BA2B68081400FCABAD /* Helper.swift */; };
		19B92B652B5FF6FF00DCE4E3 /* SpeakerFetch.swift in Sources */ = {isa = PBXBuildFile; fileRef = 19B92B642B5FF6FF00DCE4E3 /* SpeakerFetch.swift */; };
		19B92B672B5FF98800DCE4E3 /* GetSpeakerList.swift in Sources */ = {isa = PBXBuildFile; fileRef = 19B92B662B5FF98800DCE4E3 /* GetSpeakerList.swift */; };
		19B92B6B2B5FFB8000DCE4E3 /* Contributor.swift in Sources */ = {isa = PBXBuildFile; fileRef = 19B92B6A2B5FFB8000DCE4E3 /* Contributor.swift */; };
		19B92B6D2B5FFCFA00DCE4E3 /* ViewModelContributor.swift in Sources */ = {isa = PBXBuildFile; fileRef = 19B92B6C2B5FFCFA00DCE4E3 /* ViewModelContributor.swift */; };
/* End PBXBuildFile section */

/* Begin PBXFileReference section */
		0D3A3A842B5FD367008F77A0 /* .gitignore */ = {isa = PBXFileReference; lastKnownFileType = text; path = .gitignore; sourceTree = "<group>"; };
		192F651C2B5EA1D4004A32C4 /* Mobile-devlopment.app */ = {isa = PBXFileReference; explicitFileType = wrapper.application; includeInIndex = 0; path = "Mobile-devlopment.app"; sourceTree = BUILT_PRODUCTS_DIR; };
		192F651F2B5EA1D4004A32C4 /* Mobile_devlopmentApp.swift */ = {isa = PBXFileReference; lastKnownFileType = sourcecode.swift; path = Mobile_devlopmentApp.swift; sourceTree = "<group>"; };
		192F65232B5EA1D5004A32C4 /* Assets.xcassets */ = {isa = PBXFileReference; lastKnownFileType = folder.assetcatalog; path = Assets.xcassets; sourceTree = "<group>"; };
		192F65262B5EA1D5004A32C4 /* Preview Assets.xcassets */ = {isa = PBXFileReference; lastKnownFileType = folder.assetcatalog; path = "Preview Assets.xcassets"; sourceTree = "<group>"; };
		192F65322B5EA6FA004A32C4 /* ContentView.swift */ = {isa = PBXFileReference; lastKnownFileType = sourcecode.swift; path = ContentView.swift; sourceTree = "<group>"; };
		192F65362B5EAD01004A32C4 /* Activity.swift */ = {isa = PBXFileReference; lastKnownFileType = sourcecode.swift; path = Activity.swift; sourceTree = "<group>"; };
		192F65382B5EAE9C004A32C4 /* ActivityView.swift */ = {isa = PBXFileReference; lastKnownFileType = sourcecode.swift; path = ActivityView.swift; sourceTree = "<group>"; };
		192F653A2B5EB219004A32C4 /* ListActivitytRow.swift */ = {isa = PBXFileReference; lastKnownFileType = sourcecode.swift; path = ListActivitytRow.swift; sourceTree = "<group>"; };
		192F653C2B5EB44E004A32C4 /* GetScheduleList.swift */ = {isa = PBXFileReference; lastKnownFileType = sourcecode.swift; path = GetScheduleList.swift; sourceTree = "<group>"; };
		192F653E2B5EB584004A32C4 /* ScheduleFetch.swift */ = {isa = PBXFileReference; lastKnownFileType = sourcecode.swift; path = ScheduleFetch.swift; sourceTree = "<group>"; };
		192F65412B5EB974004A32C4 /* ViewModelActivity.swift */ = {isa = PBXFileReference; lastKnownFileType = sourcecode.swift; path = ViewModelActivity.swift; sourceTree = "<group>"; };
		199EB9FC2B6041AE0004B67B /* ActivitiesView.swift */ = {isa = PBXFileReference; lastKnownFileType = sourcecode.swift; path = ActivitiesView.swift; sourceTree = "<group>"; };
		199EBA022B6042B60004B67B /* ListContributorRow.swift */ = {isa = PBXFileReference; lastKnownFileType = sourcecode.swift; path = ListContributorRow.swift; sourceTree = "<group>"; };
		199EBA042B6044340004B67B /* ContributorsView.swift */ = {isa = PBXFileReference; lastKnownFileType = sourcecode.swift; path = ContributorsView.swift; sourceTree = "<group>"; };
		199EBA062B6045FA0004B67B /* ContributorView.swift */ = {isa = PBXFileReference; lastKnownFileType = sourcecode.swift; path = ContributorView.swift; sourceTree = "<group>"; };
		19B169BA2B68081400FCABAD /* Helper.swift */ = {isa = PBXFileReference; lastKnownFileType = sourcecode.swift; path = Helper.swift; sourceTree = "<group>"; };
		19B92B642B5FF6FF00DCE4E3 /* SpeakerFetch.swift */ = {isa = PBXFileReference; lastKnownFileType = sourcecode.swift; path = SpeakerFetch.swift; sourceTree = "<group>"; };
		19B92B662B5FF98800DCE4E3 /* GetSpeakerList.swift */ = {isa = PBXFileReference; lastKnownFileType = sourcecode.swift; path = GetSpeakerList.swift; sourceTree = "<group>"; };
		19B92B6A2B5FFB8000DCE4E3 /* Contributor.swift */ = {isa = PBXFileReference; lastKnownFileType = sourcecode.swift; path = Contributor.swift; sourceTree = "<group>"; };
		19B92B6C2B5FFCFA00DCE4E3 /* ViewModelContributor.swift */ = {isa = PBXFileReference; lastKnownFileType = sourcecode.swift; path = ViewModelContributor.swift; sourceTree = "<group>"; };
/* End PBXFileReference section */

/* Begin PBXFrameworksBuildPhase section */
		192F65192B5EA1D4004A32C4 /* Frameworks */ = {
			isa = PBXFrameworksBuildPhase;
			buildActionMask = 2147483647;
			files = (
			);
			runOnlyForDeploymentPostprocessing = 0;
		};
/* End PBXFrameworksBuildPhase section */

/* Begin PBXGroup section */
		192F65132B5EA1D4004A32C4 = {
			isa = PBXGroup;
			children = (
				0D3A3A842B5FD367008F77A0 /* .gitignore */,
				192F651E2B5EA1D4004A32C4 /* Mobile-devlopment */,
				192F651D2B5EA1D4004A32C4 /* Products */,
			);
			sourceTree = "<group>";
		};
		192F651D2B5EA1D4004A32C4 /* Products */ = {
			isa = PBXGroup;
			children = (
				192F651C2B5EA1D4004A32C4 /* Mobile-devlopment.app */,
			);
			name = Products;
			sourceTree = "<group>";
		};
		192F651E2B5EA1D4004A32C4 /* Mobile-devlopment */ = {
			isa = PBXGroup;
			children = (
				192F65402B5EB95F004A32C4 /* ViewModel */,
				192F65312B5EA6D9004A32C4 /* Resources */,
				192F65302B5EA6D0004A32C4 /* Model */,
				192F652F2B5EA6A1004A32C4 /* View */,
				192F651F2B5EA1D4004A32C4 /* Mobile_devlopmentApp.swift */,
				192F65232B5EA1D5004A32C4 /* Assets.xcassets */,
				192F65252B5EA1D5004A32C4 /* Preview Content */,
			);
			path = "Mobile-devlopment";
			sourceTree = "<group>";
		};
		192F65252B5EA1D5004A32C4 /* Preview Content */ = {
			isa = PBXGroup;
			children = (
				192F65262B5EA1D5004A32C4 /* Preview Assets.xcassets */,
			);
			path = "Preview Content";
			sourceTree = "<group>";
		};
		192F652F2B5EA6A1004A32C4 /* View */ = {
			isa = PBXGroup;
			children = (
				192F65322B5EA6FA004A32C4 /* ContentView.swift */,
				192F65382B5EAE9C004A32C4 /* ActivityView.swift */,
				192F653A2B5EB219004A32C4 /* ListActivitytRow.swift */,
				199EB9FC2B6041AE0004B67B /* ActivitiesView.swift */,
				199EBA022B6042B60004B67B /* ListContributorRow.swift */,
				199EBA042B6044340004B67B /* ContributorsView.swift */,
				199EBA062B6045FA0004B67B /* ContributorView.swift */,
			);
			path = View;
			sourceTree = "<group>";
		};
		192F65302B5EA6D0004A32C4 /* Model */ = {
			isa = PBXGroup;
			children = (
				192F65362B5EAD01004A32C4 /* Activity.swift */,
				19B92B6A2B5FFB8000DCE4E3 /* Contributor.swift */,
				19B169BA2B68081400FCABAD /* Helper.swift */,
			);
			path = Model;
			sourceTree = "<group>";
		};
		192F65312B5EA6D9004A32C4 /* Resources */ = {
			isa = PBXGroup;
			children = (
				192F653C2B5EB44E004A32C4 /* GetScheduleList.swift */,
				192F653E2B5EB584004A32C4 /* ScheduleFetch.swift */,
				19B92B642B5FF6FF00DCE4E3 /* SpeakerFetch.swift */,
				19B92B662B5FF98800DCE4E3 /* GetSpeakerList.swift */,
			);
			path = Resources;
			sourceTree = "<group>";
		};
		192F65402B5EB95F004A32C4 /* ViewModel */ = {
			isa = PBXGroup;
			children = (
				192F65412B5EB974004A32C4 /* ViewModelActivity.swift */,
				19B92B6C2B5FFCFA00DCE4E3 /* ViewModelContributor.swift */,
			);
			path = ViewModel;
			sourceTree = "<group>";
		};
/* End PBXGroup section */

/* Begin PBXNativeTarget section */
		192F651B2B5EA1D4004A32C4 /* Mobile-devlopment */ = {
			isa = PBXNativeTarget;
			buildConfigurationList = 192F652A2B5EA1D5004A32C4 /* Build configuration list for PBXNativeTarget "Mobile-devlopment" */;
			buildPhases = (
				192F65182B5EA1D4004A32C4 /* Sources */,
				192F65192B5EA1D4004A32C4 /* Frameworks */,
				192F651A2B5EA1D4004A32C4 /* Resources */,
			);
			buildRules = (
			);
			dependencies = (
			);
			name = "Mobile-devlopment";
			productName = "Mobile-devlopment";
			productReference = 192F651C2B5EA1D4004A32C4 /* Mobile-devlopment.app */;
			productType = "com.apple.product-type.application";
		};
/* End PBXNativeTarget section */

/* Begin PBXProject section */
		192F65142B5EA1D4004A32C4 /* Project object */ = {
			isa = PBXProject;
			attributes = {
				BuildIndependentTargetsInParallel = 1;
				LastSwiftUpdateCheck = 1510;
				LastUpgradeCheck = 1510;
				TargetAttributes = {
					192F651B2B5EA1D4004A32C4 = {
						CreatedOnToolsVersion = 15.1;
					};
				};
			};
			buildConfigurationList = 192F65172B5EA1D4004A32C4 /* Build configuration list for PBXProject "Mobile-devlopment" */;
			compatibilityVersion = "Xcode 14.0";
			developmentRegion = en;
			hasScannedForEncodings = 0;
			knownRegions = (
				en,
				Base,
			);
			mainGroup = 192F65132B5EA1D4004A32C4;
			productRefGroup = 192F651D2B5EA1D4004A32C4 /* Products */;
			projectDirPath = "";
			projectRoot = "";
			targets = (
				192F651B2B5EA1D4004A32C4 /* Mobile-devlopment */,
			);
		};
/* End PBXProject section */

/* Begin PBXResourcesBuildPhase section */
		192F651A2B5EA1D4004A32C4 /* Resources */ = {
			isa = PBXResourcesBuildPhase;
			buildActionMask = 2147483647;
			files = (
				192F65272B5EA1D5004A32C4 /* Preview Assets.xcassets in Resources */,
				0D3A3A852B5FD367008F77A0 /* .gitignore in Resources */,
				192F65242B5EA1D5004A32C4 /* Assets.xcassets in Resources */,
			);
			runOnlyForDeploymentPostprocessing = 0;
		};
/* End PBXResourcesBuildPhase section */

/* Begin PBXSourcesBuildPhase section */
		192F65182B5EA1D4004A32C4 /* Sources */ = {
			isa = PBXSourcesBuildPhase;
			buildActionMask = 2147483647;
			files = (
				192F65202B5EA1D4004A32C4 /* Mobile_devlopmentApp.swift in Sources */,
				192F65332B5EA6FA004A32C4 /* ContentView.swift in Sources */,
				192F653B2B5EB219004A32C4 /* ListActivitytRow.swift in Sources */,
				192F653D2B5EB44E004A32C4 /* GetScheduleList.swift in Sources */,
				19B92B6D2B5FFCFA00DCE4E3 /* ViewModelContributor.swift in Sources */,
				199EBA032B6042B60004B67B /* ListContributorRow.swift in Sources */,
				199EBA072B6045FA0004B67B /* ContributorView.swift in Sources */,
				192F65372B5EAD01004A32C4 /* Activity.swift in Sources */,
				19B169BB2B68081400FCABAD /* Helper.swift in Sources */,
				199EB9FD2B6041AE0004B67B /* ActivitiesView.swift in Sources */,
				192F653F2B5EB584004A32C4 /* ScheduleFetch.swift in Sources */,
				199EBA052B6044340004B67B /* ContributorsView.swift in Sources */,
				19B92B672B5FF98800DCE4E3 /* GetSpeakerList.swift in Sources */,
				192F65422B5EB974004A32C4 /* ViewModelActivity.swift in Sources */,
				19B92B652B5FF6FF00DCE4E3 /* SpeakerFetch.swift in Sources */,
				192F65392B5EAE9C004A32C4 /* ActivityView.swift in Sources */,
				19B92B6B2B5FFB8000DCE4E3 /* Contributor.swift in Sources */,
			);
			runOnlyForDeploymentPostprocessing = 0;
		};
/* End PBXSourcesBuildPhase section */

/* Begin XCBuildConfiguration section */
		192F65282B5EA1D5004A32C4 /* Debug */ = {
			isa = XCBuildConfiguration;
			buildSettings = {
				ALWAYS_SEARCH_USER_PATHS = NO;
				ASSETCATALOG_COMPILER_GENERATE_SWIFT_ASSET_SYMBOL_EXTENSIONS = YES;
				CLANG_ANALYZER_NONNULL = YES;
				CLANG_ANALYZER_NUMBER_OBJECT_CONVERSION = YES_AGGRESSIVE;
				CLANG_CXX_LANGUAGE_STANDARD = "gnu++20";
				CLANG_ENABLE_MODULES = YES;
				CLANG_ENABLE_OBJC_ARC = YES;
				CLANG_ENABLE_OBJC_WEAK = YES;
				CLANG_WARN_BLOCK_CAPTURE_AUTORELEASING = YES;
				CLANG_WARN_BOOL_CONVERSION = YES;
				CLANG_WARN_COMMA = YES;
				CLANG_WARN_CONSTANT_CONVERSION = YES;
				CLANG_WARN_DEPRECATED_OBJC_IMPLEMENTATIONS = YES;
				CLANG_WARN_DIRECT_OBJC_ISA_USAGE = YES_ERROR;
				CLANG_WARN_DOCUMENTATION_COMMENTS = YES;
				CLANG_WARN_EMPTY_BODY = YES;
				CLANG_WARN_ENUM_CONVERSION = YES;
				CLANG_WARN_INFINITE_RECURSION = YES;
				CLANG_WARN_INT_CONVERSION = YES;
				CLANG_WARN_NON_LITERAL_NULL_CONVERSION = YES;
				CLANG_WARN_OBJC_IMPLICIT_RETAIN_SELF = YES;
				CLANG_WARN_OBJC_LITERAL_CONVERSION = YES;
				CLANG_WARN_OBJC_ROOT_CLASS = YES_ERROR;
				CLANG_WARN_QUOTED_INCLUDE_IN_FRAMEWORK_HEADER = YES;
				CLANG_WARN_RANGE_LOOP_ANALYSIS = YES;
				CLANG_WARN_STRICT_PROTOTYPES = YES;
				CLANG_WARN_SUSPICIOUS_MOVE = YES;
				CLANG_WARN_UNGUARDED_AVAILABILITY = YES_AGGRESSIVE;
				CLANG_WARN_UNREACHABLE_CODE = YES;
				CLANG_WARN__DUPLICATE_METHOD_MATCH = YES;
				COPY_PHASE_STRIP = NO;
				DEBUG_INFORMATION_FORMAT = dwarf;
				ENABLE_STRICT_OBJC_MSGSEND = YES;
				ENABLE_TESTABILITY = YES;
				ENABLE_USER_SCRIPT_SANDBOXING = YES;
				GCC_C_LANGUAGE_STANDARD = gnu17;
				GCC_DYNAMIC_NO_PIC = NO;
				GCC_NO_COMMON_BLOCKS = YES;
				GCC_OPTIMIZATION_LEVEL = 0;
				GCC_PREPROCESSOR_DEFINITIONS = (
					"DEBUG=1",
					"$(inherited)",
				);
				GCC_WARN_64_TO_32_BIT_CONVERSION = YES;
				GCC_WARN_ABOUT_RETURN_TYPE = YES_ERROR;
				GCC_WARN_UNDECLARED_SELECTOR = YES;
				GCC_WARN_UNINITIALIZED_AUTOS = YES_AGGRESSIVE;
				GCC_WARN_UNUSED_FUNCTION = YES;
				GCC_WARN_UNUSED_VARIABLE = YES;
				IPHONEOS_DEPLOYMENT_TARGET = 17.2;
				LOCALIZATION_PREFERS_STRING_CATALOGS = YES;
				MTL_ENABLE_DEBUG_INFO = INCLUDE_SOURCE;
				MTL_FAST_MATH = YES;
				ONLY_ACTIVE_ARCH = YES;
				SDKROOT = iphoneos;
				SWIFT_ACTIVE_COMPILATION_CONDITIONS = "DEBUG $(inherited)";
				SWIFT_OPTIMIZATION_LEVEL = "-Onone";
			};
			name = Debug;
		};
		192F65292B5EA1D5004A32C4 /* Release */ = {
			isa = XCBuildConfiguration;
			buildSettings = {
				ALWAYS_SEARCH_USER_PATHS = NO;
				ASSETCATALOG_COMPILER_GENERATE_SWIFT_ASSET_SYMBOL_EXTENSIONS = YES;
				CLANG_ANALYZER_NONNULL = YES;
				CLANG_ANALYZER_NUMBER_OBJECT_CONVERSION = YES_AGGRESSIVE;
				CLANG_CXX_LANGUAGE_STANDARD = "gnu++20";
				CLANG_ENABLE_MODULES = YES;
				CLANG_ENABLE_OBJC_ARC = YES;
				CLANG_ENABLE_OBJC_WEAK = YES;
				CLANG_WARN_BLOCK_CAPTURE_AUTORELEASING = YES;
				CLANG_WARN_BOOL_CONVERSION = YES;
				CLANG_WARN_COMMA = YES;
				CLANG_WARN_CONSTANT_CONVERSION = YES;
				CLANG_WARN_DEPRECATED_OBJC_IMPLEMENTATIONS = YES;
				CLANG_WARN_DIRECT_OBJC_ISA_USAGE = YES_ERROR;
				CLANG_WARN_DOCUMENTATION_COMMENTS = YES;
				CLANG_WARN_EMPTY_BODY = YES;
				CLANG_WARN_ENUM_CONVERSION = YES;
				CLANG_WARN_INFINITE_RECURSION = YES;
				CLANG_WARN_INT_CONVERSION = YES;
				CLANG_WARN_NON_LITERAL_NULL_CONVERSION = YES;
				CLANG_WARN_OBJC_IMPLICIT_RETAIN_SELF = YES;
				CLANG_WARN_OBJC_LITERAL_CONVERSION = YES;
				CLANG_WARN_OBJC_ROOT_CLASS = YES_ERROR;
				CLANG_WARN_QUOTED_INCLUDE_IN_FRAMEWORK_HEADER = YES;
				CLANG_WARN_RANGE_LOOP_ANALYSIS = YES;
				CLANG_WARN_STRICT_PROTOTYPES = YES;
				CLANG_WARN_SUSPICIOUS_MOVE = YES;
				CLANG_WARN_UNGUARDED_AVAILABILITY = YES_AGGRESSIVE;
				CLANG_WARN_UNREACHABLE_CODE = YES;
				CLANG_WARN__DUPLICATE_METHOD_MATCH = YES;
				COPY_PHASE_STRIP = NO;
				DEBUG_INFORMATION_FORMAT = "dwarf-with-dsym";
				ENABLE_NS_ASSERTIONS = NO;
				ENABLE_STRICT_OBJC_MSGSEND = YES;
				ENABLE_USER_SCRIPT_SANDBOXING = YES;
				GCC_C_LANGUAGE_STANDARD = gnu17;
				GCC_NO_COMMON_BLOCKS = YES;
				GCC_WARN_64_TO_32_BIT_CONVERSION = YES;
				GCC_WARN_ABOUT_RETURN_TYPE = YES_ERROR;
				GCC_WARN_UNDECLARED_SELECTOR = YES;
				GCC_WARN_UNINITIALIZED_AUTOS = YES_AGGRESSIVE;
				GCC_WARN_UNUSED_FUNCTION = YES;
				GCC_WARN_UNUSED_VARIABLE = YES;
				IPHONEOS_DEPLOYMENT_TARGET = 17.2;
				LOCALIZATION_PREFERS_STRING_CATALOGS = YES;
				MTL_ENABLE_DEBUG_INFO = NO;
				MTL_FAST_MATH = YES;
				SDKROOT = iphoneos;
				SWIFT_COMPILATION_MODE = wholemodule;
				VALIDATE_PRODUCT = YES;
			};
			name = Release;
		};
		192F652B2B5EA1D5004A32C4 /* Debug */ = {
			isa = XCBuildConfiguration;
			buildSettings = {
				ASSETCATALOG_COMPILER_APPICON_NAME = AppIcon;
				ASSETCATALOG_COMPILER_GLOBAL_ACCENT_COLOR_NAME = AccentColor;
				CODE_SIGN_STYLE = Automatic;
				CURRENT_PROJECT_VERSION = 1;
				DEVELOPMENT_ASSET_PATHS = "\"Mobile-devlopment/Preview Content\"";
				DEVELOPMENT_TEAM = 65P4S9D67S;
				ENABLE_PREVIEWS = YES;
				GENERATE_INFOPLIST_FILE = YES;
				INFOPLIST_KEY_UIApplicationSceneManifest_Generation = YES;
				INFOPLIST_KEY_UIApplicationSupportsIndirectInputEvents = YES;
				INFOPLIST_KEY_UILaunchScreen_Generation = YES;
				INFOPLIST_KEY_UISupportedInterfaceOrientations_iPad = "UIInterfaceOrientationPortrait UIInterfaceOrientationPortraitUpsideDown UIInterfaceOrientationLandscapeLeft UIInterfaceOrientationLandscapeRight";
				INFOPLIST_KEY_UISupportedInterfaceOrientations_iPhone = "UIInterfaceOrientationPortrait UIInterfaceOrientationLandscapeLeft UIInterfaceOrientationLandscapeRight";
				IPHONEOS_DEPLOYMENT_TARGET = 16.0;
				LD_RUNPATH_SEARCH_PATHS = (
					"$(inherited)",
					"@executable_path/Frameworks",
				);
				MARKETING_VERSION = 1.0;
				PRODUCT_BUNDLE_IDENTIFIER = "efrei.Mobile-devlopment";
				PRODUCT_NAME = "$(TARGET_NAME)";
				SWIFT_EMIT_LOC_STRINGS = YES;
				SWIFT_VERSION = 5.0;
				TARGETED_DEVICE_FAMILY = "1,2";
			};
			name = Debug;
		};
		192F652C2B5EA1D5004A32C4 /* Release */ = {
			isa = XCBuildConfiguration;
			buildSettings = {
				ASSETCATALOG_COMPILER_APPICON_NAME = AppIcon;
				ASSETCATALOG_COMPILER_GLOBAL_ACCENT_COLOR_NAME = AccentColor;
				CODE_SIGN_STYLE = Automatic;
				CURRENT_PROJECT_VERSION = 1;
				DEVELOPMENT_ASSET_PATHS = "\"Mobile-devlopment/Preview Content\"";
				DEVELOPMENT_TEAM = 65P4S9D67S;
				ENABLE_PREVIEWS = YES;
				GENERATE_INFOPLIST_FILE = YES;
				INFOPLIST_KEY_UIApplicationSceneManifest_Generation = YES;
				INFOPLIST_KEY_UIApplicationSupportsIndirectInputEvents = YES;
				INFOPLIST_KEY_UILaunchScreen_Generation = YES;
				INFOPLIST_KEY_UISupportedInterfaceOrientations_iPad = "UIInterfaceOrientationPortrait UIInterfaceOrientationPortraitUpsideDown UIInterfaceOrientationLandscapeLeft UIInterfaceOrientationLandscapeRight";
				INFOPLIST_KEY_UISupportedInterfaceOrientations_iPhone = "UIInterfaceOrientationPortrait UIInterfaceOrientationLandscapeLeft UIInterfaceOrientationLandscapeRight";
				IPHONEOS_DEPLOYMENT_TARGET = 16.0;
				LD_RUNPATH_SEARCH_PATHS = (
					"$(inherited)",
					"@executable_path/Frameworks",
				);
				MARKETING_VERSION = 1.0;
				PRODUCT_BUNDLE_IDENTIFIER = "efrei.Mobile-devlopment";
				PRODUCT_NAME = "$(TARGET_NAME)";
				SWIFT_EMIT_LOC_STRINGS = YES;
				SWIFT_VERSION = 5.0;
				TARGETED_DEVICE_FAMILY = "1,2";
			};
			name = Release;
		};
/* End XCBuildConfiguration section */

/* Begin XCConfigurationList section */
		192F65172B5EA1D4004A32C4 /* Build configuration list for PBXProject "Mobile-devlopment" */ = {
			isa = XCConfigurationList;
			buildConfigurations = (
				192F65282B5EA1D5004A32C4 /* Debug */,
				192F65292B5EA1D5004A32C4 /* Release */,
			);
			defaultConfigurationIsVisible = 0;
			defaultConfigurationName = Release;
		};
		192F652A2B5EA1D5004A32C4 /* Build configuration list for PBXNativeTarget "Mobile-devlopment" */ = {
			isa = XCConfigurationList;
			buildConfigurations = (
				192F652B2B5EA1D5004A32C4 /* Debug */,
				192F652C2B5EA1D5004A32C4 /* Release */,
			);
			defaultConfigurationIsVisible = 0;
			defaultConfigurationName = Release;
		};
/* End XCConfigurationList section */
	};
	rootObject = 192F65142B5EA1D4004A32C4 /* Project object */;
}
